
Microsoft Visual Studio Solution File, Format Version 12.00
# Visual Studio 14
VisualStudioVersion = 14.0.25420.1
MinimumVisualStudioVersion = 10.0.40219.1
Project("{FAE04EC0-301F-11D3-BF4B-00C04F79EFBC}") = "Program_na_zaawansowane", "Program_na_zaawansowane\Program_na_zaawansowane.csproj", "{AB889C94-953B-48B0-830D-1FB0EC651FB4}"
EndProject
Global
	GlobalSection(SolutionConfigurationPlatforms) = preSolution
		Debug|Any CPU = Debug|Any CPU
		Release|Any CPU = Release|Any CPU
	EndGlobalSection
	GlobalSection(ProjectConfigurationPlatforms) = postSolution
		{AB889C94-953B-48B0-830D-1FB0EC651FB4}.Debug|Any CPU.ActiveCfg = Debug|Any CPU
		{AB889C94-953B-48B0-830D-1FB0EC651FB4}.Debug|Any CPU.Build.0 = Debug|Any CPU
		{AB889C94-953B-48B0-830D-1FB0EC651FB4}.Release|Any CPU.ActiveCfg = Release|Any CPU
		{AB889C94-953B-48B0-830D-1FB0EC651FB4}.Release|Any CPU.Build.0 = Release|Any CPU
	EndGlobalSection
	GlobalSection(SolutionProperties) = preSolution
		HideSolutionNode = FALSE
	EndGlobalSection
EndGlobal
